
Microsoft Visual Studio Solution File, Format Version 12.00
# Visual Studio Version 16
VisualStudioVersion = 16.0.31424.327
MinimumVisualStudioVersion = 10.0.40219.1
Project("{FAE04EC0-301F-11D3-BF4B-00C04F79EFBC}") = "14.07.2021_Tam_Sayı_İslemleri", "14.07.2021_Tam_Sayı_İslemleri\14.07.2021_Tam_Sayı_İslemleri.csproj", "{FCA8F387-F4EB-42E3-820F-6C2B42310773}"
EndProject
Global
	GlobalSection(SolutionConfigurationPlatforms) = preSolution
		Debug|Any CPU = Debug|Any CPU
		Release|Any CPU = Release|Any CPU
	EndGlobalSection
	GlobalSection(ProjectConfigurationPlatforms) = postSolution
		{FCA8F387-F4EB-42E3-820F-6C2B42310773}.Debug|Any CPU.ActiveCfg = Debug|Any CPU
		{FCA8F387-F4EB-42E3-820F-6C2B42310773}.Debug|Any CPU.Build.0 = Debug|Any CPU
		{FCA8F387-F4EB-42E3-820F-6C2B42310773}.Release|Any CPU.ActiveCfg = Release|Any CPU
		{FCA8F387-F4EB-42E3-820F-6C2B42310773}.Release|Any CPU.Build.0 = Release|Any CPU
	EndGlobalSection
	GlobalSection(SolutionProperties) = preSolution
		HideSolutionNode = FALSE
	EndGlobalSection
	GlobalSection(ExtensibilityGlobals) = postSolution
		SolutionGuid = {1B9F4AD0-AECD-4776-9FC0-11288C18996A}
	EndGlobalSection
EndGlobal
